{
  "name": "PayQR",
  "version": "1.0.0",
  "lockfileVersion": 1,
  "requires": true,
  "dependencies": {
    "qrcodejs2": {
      "version": "0.0.2",
      "resolved": "https://registry.npm.taobao.org/qrcodejs2/download/qrcodejs2-0.0.2.tgz",
      "integrity": "sha1-Rlr+Xjnxn6zsuTLBH3oYYQkUauE="
    },
    "wxbarcode": {
      "version": "1.0.2",
      "resolved": "https://registry.npm.taobao.org/wxbarcode/download/wxbarcode-1.0.2.tgz",
      "integrity": "sha1-zgLjSP8AYwHZIBd21sn1rZATFLU="
    }
  }
}
